{
  "name": "atlasculture",
  "lockfileVersion": 2,
  "requires": true,
  "packages": {
    "": {
      "dependencies": {
        "maki": "^2.1.0"
      }
    },
    "node_modules/maki": {
      "version": "2.1.0",
      "resolved": "https://registry.npmjs.org/maki/-/maki-2.1.0.tgz",
      "integrity": "sha1-758rF1CCkxAqeo5GZ9DSfNibVc4=",
      "deprecated": "maki is now namespaced, install @mapbox/maki instead"
    }
  },
  "dependencies": {
    "maki": {
      "version": "2.1.0",
      "resolved": "https://registry.npmjs.org/maki/-/maki-2.1.0.tgz",
      "integrity": "sha1-758rF1CCkxAqeo5GZ9DSfNibVc4="
    }
  }
}
